
Microsoft Visual Studio Solution File, Format Version 12.00
# Visual Studio 15
VisualStudioVersion = 15.0.28010.2041
MinimumVisualStudioVersion = 10.0.40219.1
Project("{FAE04EC0-301F-11D3-BF4B-00C04F79EFBC}") = "AutoLotMVC_Core2", "AutoLotMVC_Core2\AutoLotMVC_Core2.csproj", "{92B89644-E1D7-4976-8517-54908B1EA867}"
EndProject
Global
	GlobalSection(SolutionConfigurationPlatforms) = preSolution
		Debug|Any CPU = Debug|Any CPU
		Release|Any CPU = Release|Any CPU
	EndGlobalSection
	GlobalSection(ProjectConfigurationPlatforms) = postSolution
		{92B89644-E1D7-4976-8517-54908B1EA867}.Debug|Any CPU.ActiveCfg = Debug|Any CPU
		{92B89644-E1D7-4976-8517-54908B1EA867}.Debug|Any CPU.Build.0 = Debug|Any CPU
		{92B89644-E1D7-4976-8517-54908B1EA867}.Release|Any CPU.ActiveCfg = Release|Any CPU
		{92B89644-E1D7-4976-8517-54908B1EA867}.Release|Any CPU.Build.0 = Release|Any CPU
	EndGlobalSection
	GlobalSection(SolutionProperties) = preSolution
		HideSolutionNode = FALSE
	EndGlobalSection
	GlobalSection(ExtensibilityGlobals) = postSolution
		SolutionGuid = {630FD771-4B0E-4650-9508-143A4DFE84FB}
	EndGlobalSection
EndGlobal
